{
  "name": "api-mate-proxy",
  "version": "0.0.1",
  "lockfileVersion": 1,
  "requires": true,
  "dependencies": {
    "async": {
      "version": "0.1.22",
      "resolved": "https://registry.npmjs.org/async/-/async-0.1.22.tgz",
      "integrity": "sha1-D8GqoIig4+8Ovi2IMbqw3PiEUGE="
    },
    "colors": {
      "version": "0.6.2",
      "resolved": "https://registry.npmjs.org/colors/-/colors-0.6.2.tgz",
      "integrity": "sha1-JCP+ZnisDF2uiFLl0OW+CMmXq8w="
    },
    "deep-equal": {
      "version": "1.0.1",
      "resolved": "https://registry.npmjs.org/deep-equal/-/deep-equal-1.0.1.tgz",
      "integrity": "sha1-9dJgKStmDghO/0zbyfCK0yR0SLU="
    },
    "http-proxy": {
      "version": "0.10.3",
      "resolved": "https://registry.npmjs.org/http-proxy/-/http-proxy-0.10.3.tgz",
      "integrity": "sha1-csqdUDp14GRlAITFjKEbguSwGW0=",
      "requires": {
        "colors": "0.x.x",
        "optimist": "0.3.x",
        "pkginfo": "0.2.x",
        "utile": "~0.1.7"
      }
    },
    "i": {
      "version": "0.3.6",
      "resolved": "https://registry.npmjs.org/i/-/i-0.3.6.tgz",
      "integrity": "sha1-2WyScyB28HJxG2sQ/X1PZa2O4j0="
    },
    "minimist": {
      "version": "0.0.8",
      "resolved": "https://registry.npmjs.org/minimist/-/minimist-0.0.8.tgz",
      "integrity": "sha1-hX/Kv8M5fSYluCKCYuhqp6ARsF0="
    },
    "mkdirp": {
      "version": "0.5.1",
      "resolved": "https://registry.npmjs.org/mkdirp/-/mkdirp-0.5.1.tgz",
      "integrity": "sha1-MAV0OOrGz3+MR2fzhkjWaX11yQM=",
      "requires": {
        "minimist": "0.0.8"
      }
    },
    "ncp": {
      "version": "0.2.7",
      "resolved": "https://registry.npmjs.org/ncp/-/ncp-0.2.7.tgz",
      "integrity": "sha1-RvrCt92iVgpMt+YoZ3vV9k6sW+E="
    },
    "optimist": {
      "version": "0.3.7",
      "resolved": "https://registry.npmjs.org/optimist/-/optimist-0.3.7.tgz",
      "integrity": "sha1-yQlBrVnkJzMokjB00s8ufLxuwNk=",
      "requires": {
        "wordwrap": "~0.0.2"
      }
    },
    "pkginfo": {
      "version": "0.2.3",
      "resolved": "https://registry.npmjs.org/pkginfo/-/pkginfo-0.2.3.tgz",
      "integrity": "sha1-cjnEKl72wwuPMoQ52bn/cQQkkPg="
    },
    "rimraf": {
      "version": "1.0.9",
      "resolved": "https://registry.npmjs.org/rimraf/-/rimraf-1.0.9.tgz",
      "integrity": "sha1-vkgB/3bCum8cUMeOlwDrHSHyOfE="
    },
    "utile": {
      "version": "0.1.7",
      "resolved": "https://registry.npmjs.org/utile/-/utile-0.1.7.tgz",
      "integrity": "sha1-VdsYDVRHUzn9bdni0UpMC1JiS2k=",
      "requires": {
        "async": "0.1.x",
        "deep-equal": "*",
        "i": "0.3.x",
        "mkdirp": "0.x.x",
        "ncp": "0.2.x",
        "rimraf": "1.x.x"
      }
    },
    "wordwrap": {
      "version": "0.0.3",
      "resolved": "https://registry.npmjs.org/wordwrap/-/wordwrap-0.0.3.tgz",
      "integrity": "sha1-o9XabNXAvAAI03I0u68b7WMFkQc="
    }
  }
}
